{
  "name": "prelight-site",
  "version": "1.0.0",
  "lockfileVersion": 3,
  "requires": true,
  "packages": {
    "": {
      "name": "prelight-site",
      "version": "1.0.0",
      "dependencies": {
        "@filipecarneiro/hugo-bootstrap-theme": "^1.0.50",
        "bootstrap": "^5.3.8"
      }
    },
    "node_modules/@filipecarneiro/hugo-bootstrap-theme": {
      "version": "1.0.50",
      "resolved": "https://registry.npmjs.org/@filipecarneiro/hugo-bootstrap-theme/-/hugo-bootstrap-theme-1.0.50.tgz",
      "integrity": "sha512-TFwpBU3Q36tpUc4wEKR+Cxv9OasxG7+7XzDVpTh2eZ0Hjckue8Azhj0ua5TH13RCEF3WTJPM5fS3Ru5A5rDSog==",
      "hasInstallScript": true,
      "license": "MIT"
    },
    "node_modules/@popperjs/core": {
      "version": "2.11.8",
      "resolved": "https://registry.npmjs.org/@popperjs/core/-/core-2.11.8.tgz",
      "integrity": "sha512-P1st0aksCrn9sGZhp8GMYwBnQsbvAWsZAX44oXNNvLHGqAOcoVxmjZiohstwQ7SqKnbR47akdNi+uleWD8+g6A==",
      "license": "MIT",
      "peer": true,
      "funding": {
        "type": "opencollective",
        "url": "https://opencollective.com/popperjs"
      }
    },
    "node_modules/bootstrap": {
      "version": "5.3.8",
      "resolved": "https://registry.npmjs.org/bootstrap/-/bootstrap-5.3.8.tgz",
      "integrity": "sha512-HP1SZDqaLDPwsNiqRqi5NcP0SSXciX2s9E+RyqJIIqGo+vJeN5AJVM98CXmW/Wux0nQ5L7jeWUdplCEf0Ee+tg==",
      "funding": [
        {
          "type": "github",
          "url": "https://github.com/sponsors/twbs"
        },
        {
          "type": "opencollective",
          "url": "https://opencollective.com/bootstrap"
        }
      ],
      "license": "MIT",
      "peerDependencies": {
        "@popperjs/core": "^2.11.8"
      }
    }
  }
}
